version: v2
locks:
  f/canvass_admin/copy_rsvp_status_to_canvass: d6a512a58e16af94f35644af6d9e61ca6ae79c68e214303bd0564af8262ec989
  f/canvass_admin/events_table__app+__app_hash: 3bfdc80841cacb6f14c87540a79b04934f9da71a91788ee5c19b32fcef170dd0
  f/canvass_admin/events_table__app+inline_script.pg.sql: a37473fcf76465fb55edd50b882442baca8cc64b744de37923c00ccfe8458076
  f/canvass_admin/helpful_app__app+__app_hash: 44136fa355b3678a1146ad16f7e8649e94fb4fc21fe77e8310c060f61caaff8a
  f/canvass_admin/unmatched_gotv_events: 76366e3a413b39ee34aa51a5beec4f6803b7d2337917b5e6a2bac5dc82700d0d
  f/canvass_map/create_solidarity_tech_events_from_csv: 25028b1e5e1e3e7c7300ef0e56eaf9dcfc69150d62e4e6808a44c944c3e2e20b
  f/canvass_map/delete_all_but_one_session: cd81a79e2950a8cd85f6a4c51a870a33a83b68b579d5072cbc2008f0e04d0999
  f/canvass_map/drain_rsvp_queue: 4248e4f17d42966b998c7dab691f817e9707a71f2dc7f1d614b41fa40bbed7aa
  f/canvass_map/export_commitment_worksheet: 5f090a52cadfdd1c53db286a0c705c708ee549f31ee42cfda765cbe5d778c1eb
  f/canvass_map/export_profiles: 2306cc220976a72f0707517b0e21790c2b9abeef5c0edb40775456549ff0d92c
  f/canvass_map/fetch_actionnetwork_events: 26713d6b8e11206df0ac0b28ae6266786c85406d0d02369cfb2c93310c819898
  f/canvass_map/fetch_all_campaign_events__flow+__flow_hash: f73e6915a7c398920199860b3c98cf3c95e54857cb931ecc07331e278921cec2
  f/canvass_map/fetch_all_campaign_events__flow+add_campaigns_to_object.ts: b4e3b117c98c5796563ca6da249b575f66a91c1d81221c020b21ed96647f7cc2
  f/canvass_map/fetch_all_campaign_events__flow+flatten_everything.ts: 28bedf8b08ab3e94ed79d90f600ff1f0b354b29e5aba983040807c33ece589fc
  f/canvass_map/fetch_all_campaign_events/h: 4db9d4189e5524eb3ec645e3f7d3ba301721fc8eb2bfdf6b3368fead664b5f78
  f/canvass_map/fetch_all_campaign_events/h_1: 683fef50048e502747a8e9ac58e1cdbbd3aa0d5a3f99b4554d13d88192d51522
  f/canvass_map/fetch_all_campaign_events/h_2: bddbafee29545af77a0a49067fe7203504a900c9f9a6fa2c62e314c9da0ac424
  f/canvass_map/fetch_all_solidarity_tech_events_for_api_key: 4207755ee2765f38a26bfd30421eda18452e0fc4bd749622e06fabe0c9d3e09a
  f/canvass_map/fetch_canvass_map_events_with_default_input__flow+__flow_hash: 21e9aba47af163e122ab09c4c3da8c4fc0d92906e2d5796ea9a75dbfba2d8821
  f/canvass_map/fetch_canvass_map_events_with_default_input__flow+add_ttr_as_campaign_if_in_title.ts: 43a5cadc2cbb48f8e4472e1dd6e406cfb66dbc30450cc0ce2e7150c3002ba03b
  f/canvass_map/fetch_events_proxy__flow+__flow_hash: 7122c6a60d025b9d480ab01d22a9d4946bb5029b79d8873ef2de41097b75ecf7
  f/canvass_map/fetch_events_proxy__flow+b.ts: fa911dab3bfbdf85250d96819ca278b2de145997d467b2a9464be3513a2e30a4
  f/canvass_map/restored_export_commitment_sheet: 3785eb37c5a1dec0494c4c38d286eb762c59d82ead1eb887345ef5cec60bc464
  f/canvass_map/scrape_solidarity_tech_events_to_db: ee39a7e48c02eca2826502167fea770d8e7651f4baf68686bed16d08eefd56c7
  f/canvass_map/scrape/write_events_to_db: 585459f9b56c73820afb885a85e07e55d8b95b2213ce376774b1f90d9a340953
  f/canvass_map/scrape/write_st_events_to_db: 95e0f909122cab8457f7cee809361d1644f4ad7d15d7f8bd06356556d6893bd0
  f/canvass_map/send_brad_data: eb097a685e27f621558cd56880fa495d086328881bc965e6d4b7a056315acbd1
  f/canvass_map/send_brad_data_csv: 0c7b57aaf4a864661ae257d57cf3c4a621c06c97c8e52f364a36d090fc4c365d
  f/canvass_map/sync_action_network_events_to_db: 0e3b4d810dfb3b33d6544cbb905e6960b162052646be3324eb31ba4d25df35a0
  f/canvass_map/sync_solidarity_tech_events_to_db: 0f43cfdcffe1ef2083a26b280beb1530f00a9ebc3de40fd3c5028b4354a37444
  f/canvass_map/utils/queue_utils: 00e0e062c9984d53fde64dbe8c46814f132e11ecfaa543527bc59c317d0fc778
  f/canvass_map/utils/st_api: b9af1c8771aa3ecb26141fc62aa7511d4cec5fda00c13b9a4493922fb2794d63
  f/canvass_map/utils/sync_events_to_db_utils: dd02c22dc66532ff35a6458cb66aa11833ec750b81ae98fcee3f6b05aef42268
  f/canvass_map/utils/test_subfolder: 2bd30bcbd8f00419b1e5b3a4d3e4e5a375c9a08aa834d13d5cde65633281ba11
