{
  "dependencies": {
    "windmill-client": "latest",
    "zod": "latest"
  }
}
//bun.lock
{
  "lockfileVersion": 1,
  "configVersion": 1,
  "workspaces": {
    "": {
      "dependencies": {
        "windmill-client": "latest",
        "zod": "latest",
      },
    },
  },
  "packages": {
    "windmill-client": ["windmill-client@1.719.0", "", {}, "sha512-OJhKCWWnpIY9kN1lsglDe96Pj/Y0yhOVtZhgUO7xO0jxFsxAOMg0oIKiX4aiLgamHd4SqGJo7ZNeOHAo4LP6aA=="],

    "zod": ["zod@4.4.3", "", {}, "sha512-ytENFjIJFl2UwYglde2jchW2Hwm4GJFLDiSXWdTrJQBIN9Fcyp7n4DhxJEiWNAJMV1/BqWfW/kkg71UDcHJyTQ=="],
  }
}
